
Microsoft Visual Studio Solution File, Format Version 12.00
# Visual Studio Version 16
VisualStudioVersion = 16.0.35425.106
MinimumVisualStudioVersion = 10.0.40219.1
Project("{2150E333-8FDC-42A3-9474-1A3956D46DE8}") = "Solution Items", "Solution Items", "{CCDE959C-C0CA-4F98-B379-64931C7C91D0}"
	ProjectSection(SolutionItems) = preProject
		..\LICENSE.md = ..\LICENSE.md
		phdskmnt\inc\phdskmntver.h = phdskmnt\inc\phdskmntver.h
		..\Public-API-reference.txt = ..\Public-API-reference.txt
		..\README.md = ..\README.md
	EndProjectSection
EndProject
Project("{8BC9CEB8-8B4A-11D0-8D11-00A0C91BC942}") = "phdskmnt", "phdskmnt\phdskmnt.vcxproj", "{7550B521-2E05-48AC-A33C-0B18FF04F92B}"
EndProject
Project("{8BC9CEB8-8B4A-11D0-8D11-00A0C91BC942}") = "aimapi", "aimapi\aimapi.vcxproj", "{737768E7-956F-46DE-9C4B-40D6536E2118}"
EndProject
Project("{8BC9CEB8-8B4A-11D0-8D11-00A0C91BC942}") = "aim_ll", "aim_ll\aim_ll.vcxproj", "{E55519E4-180A-4732-A328-9DE219007C32}"
EndProject
Project("{8BC9CEB8-8B4A-11D0-8D11-00A0C91BC942}") = "aimwrfltr", "aimwrfltr\aimwrfltr.vcxproj", "{1082835A-1459-4D64-A2C4-E58A2F1F4537}"
EndProject
Project("{8BC9CEB8-8B4A-11D0-8D11-00A0C91BC942}") = "awealloc", "awealloc\awealloc.vcxproj", "{6350F53D-694E-46A2-95FD-362434D1E6D4}"
EndProject
Project("{8BC9CEB8-8B4A-11D0-8D11-00A0C91BC942}") = "deviosvc", "deviosvc\deviosvc.vcxproj", "{03B6E03C-9E33-4365-84AB-28529A31D5B6}"
EndProject
Project("{8BC9CEB8-8B4A-11D0-8D11-00A0C91BC942}") = "deviodrv", "deviodrv\deviodrv.vcxproj", "{457B6C05-3FED-4056-A4B3-B1B110242F14}"
EndProject
Global
	GlobalSection(SolutionConfigurationPlatforms) = preSolution
		Debug|ARM = Debug|ARM
		Debug|ARM64 = Debug|ARM64
		Debug|Win32 = Debug|Win32
		Debug|x64 = Debug|x64
		Release|ARM = Release|ARM
		Release|ARM64 = Release|ARM64
		Release|Win32 = Release|Win32
		Release|x64 = Release|x64
		Win7 Debug|ARM = Win7 Debug|ARM
		Win7 Debug|ARM64 = Win7 Debug|ARM64
		Win7 Debug|Win32 = Win7 Debug|Win32
		Win7 Debug|x64 = Win7 Debug|x64
		Win7 Release|ARM = Win7 Release|ARM
		Win7 Release|ARM64 = Win7 Release|ARM64
		Win7 Release|Win32 = Win7 Release|Win32
		Win7 Release|x64 = Win7 Release|x64
		Win8 Debug|ARM = Win8 Debug|ARM
		Win8 Debug|ARM64 = Win8 Debug|ARM64
		Win8 Debug|Win32 = Win8 Debug|Win32
		Win8 Debug|x64 = Win8 Debug|x64
		Win8 Release|ARM = Win8 Release|ARM
		Win8 Release|ARM64 = Win8 Release|ARM64
		Win8 Release|Win32 = Win8 Release|Win32
		Win8 Release|x64 = Win8 Release|x64
		Win8.1 Debug|ARM = Win8.1 Debug|ARM
		Win8.1 Debug|ARM64 = Win8.1 Debug|ARM64
		Win8.1 Debug|Win32 = Win8.1 Debug|Win32
		Win8.1 Debug|x64 = Win8.1 Debug|x64
		Win8.1 Release|ARM = Win8.1 Release|ARM
		Win8.1 Release|ARM64 = Win8.1 Release|ARM64
		Win8.1 Release|Win32 = Win8.1 Release|Win32
		Win8.1 Release|x64 = Win8.1 Release|x64
	EndGlobalSection
	GlobalSection(ProjectConfigurationPlatforms) = postSolution
		{7550B521-2E05-48AC-A33C-0B18FF04F92B}.Debug|ARM.ActiveCfg = Win8 Debug|ARM
		{7550B521-2E05-48AC-A33C-0B18FF04F92B}.Debug|ARM.Build.0 = Win8 Debug|ARM
		{7550B521-2E05-48AC-A33C-0B18FF04F92B}.Debug|ARM64.ActiveCfg = Win8.1 Debug|ARM64
		{7550B521-2E05-48AC-A33C-0B18FF04F92B}.Debug|Win32.ActiveCfg = Win7 Debug|Win32
		{7550B521-2E05-48AC-A33C-0B18FF04F92B}.Debug|Win32.Build.0 = Win7 Debug|Win32
		{7550B521-2E05-48AC-A33C-0B18FF04F92B}.Debug|x64.ActiveCfg = Win7 Debug|x64
		{7550B521-2E05-48AC-A33C-0B18FF04F92B}.Debug|x64.Build.0 = Win7 Debug|x64
		{7550B521-2E05-48AC-A33C-0B18FF04F92B}.Release|ARM.ActiveCfg = Win8 Release|ARM
		{7550B521-2E05-48AC-A33C-0B18FF04F92B}.Release|ARM.Build.0 = Win8 Release|ARM
		{7550B521-2E05-48AC-A33C-0B18FF04F92B}.Release|ARM64.ActiveCfg = Win8.1 Release|ARM64
		{7550B521-2E05-48AC-A33C-0B18FF04F92B}.Release|Win32.ActiveCfg = Win7 Release|Win32
		{7550B521-2E05-48AC-A33C-0B18FF04F92B}.Release|Win32.Build.0 = Win7 Release|Win32
		{7550B521-2E05-48AC-A33C-0B18FF04F92B}.Release|x64.ActiveCfg = Win7 Release|x64
		{7550B521-2E05-48AC-A33C-0B18FF04F92B}.Release|x64.Build.0 = Win7 Release|x64
		{7550B521-2E05-48AC-A33C-0B18FF04F92B}.Win7 Debug|ARM.ActiveCfg = Win7 Debug|ARM
		{7550B521-2E05-48AC-A33C-0B18FF04F92B}.Win7 Debug|ARM64.ActiveCfg = Win7 Debug|ARM64
		{7550B521-2E05-48AC-A33C-0B18FF04F92B}.Win7 Debug|Win32.ActiveCfg = Win7 Debug|Win32
		{7550B521-2E05-48AC-A33C-0B18FF04F92B}.Win7 Debug|Win32.Build.0 = Win7 Debug|Win32
		{7550B521-2E05-48AC-A33C-0B18FF04F92B}.Win7 Debug|x64.ActiveCfg = Win7 Debug|x64
		{7550B521-2E05-48AC-A33C-0B18FF04F92B}.Win7 Debug|x64.Build.0 = Win7 Debug|x64
		{7550B521-2E05-48AC-A33C-0B18FF04F92B}.Win7 Release|ARM.ActiveCfg = Win7 Release|ARM
		{7550B521-2E05-48AC-A33C-0B18FF04F92B}.Win7 Release|ARM64.ActiveCfg = Win7 Release|ARM64
		{7550B521-2E05-48AC-A33C-0B18FF04F92B}.Win7 Release|Win32.ActiveCfg = Win7 Release|Win32
		{7550B521-2E05-48AC-A33C-0B18FF04F92B}.Win7 Release|Win32.Build.0 = Win7 Release|Win32
		{7550B521-2E05-48AC-A33C-0B18FF04F92B}.Win7 Release|x64.ActiveCfg = Win7 Release|x64
		{7550B521-2E05-48AC-A33C-0B18FF04F92B}.Win7 Release|x64.Build.0 = Win7 Release|x64
		{7550B521-2E05-48AC-A33C-0B18FF04F92B}.Win8 Debug|ARM.ActiveCfg = Win8 Debug|ARM
		{7550B521-2E05-48AC-A33C-0B18FF04F92B}.Win8 Debug|ARM64.ActiveCfg = Win8 Debug|ARM64
		{7550B521-2E05-48AC-A33C-0B18FF04F92B}.Win8 Debug|Win32.ActiveCfg = Win8 Debug|Win32
		{7550B521-2E05-48AC-A33C-0B18FF04F92B}.Win8 Debug|Win32.Build.0 = Win8 Debug|Win32
		{7550B521-2E05-48AC-A33C-0B18FF04F92B}.Win8 Debug|x64.ActiveCfg = Win8 Debug|x64
		{7550B521-2E05-48AC-A33C-0B18FF04F92B}.Win8 Debug|x64.Build.0 = Win8 Debug|x64
		{7550B521-2E05-48AC-A33C-0B18FF04F92B}.Win8 Release|ARM.ActiveCfg = Win8 Release|ARM
		{7550B521-2E05-48AC-A33C-0B18FF04F92B}.Win8 Release|ARM.Build.0 = Win8 Release|ARM
		{7550B521-2E05-48AC-A33C-0B18FF04F92B}.Win8 Release|ARM64.ActiveCfg = Win8 Release|ARM64
		{7550B521-2E05-48AC-A33C-0B18FF04F92B}.Win8 Release|Win32.ActiveCfg = Win8 Release|Win32
		{7550B521-2E05-48AC-A33C-0B18FF04F92B}.Win8 Release|Win32.Build.0 = Win8 Release|Win32
		{7550B521-2E05-48AC-A33C-0B18FF04F92B}.Win8 Release|x64.ActiveCfg = Win8 Release|x64
		{7550B521-2E05-48AC-A33C-0B18FF04F92B}.Win8 Release|x64.Build.0 = Win8 Release|x64
		{7550B521-2E05-48AC-A33C-0B18FF04F92B}.Win8.1 Debug|ARM.ActiveCfg = Win8.1 Debug|ARM
		{7550B521-2E05-48AC-A33C-0B18FF04F92B}.Win8.1 Debug|ARM.Build.0 = Win8.1 Debug|ARM
		{7550B521-2E05-48AC-A33C-0B18FF04F92B}.Win8.1 Debug|ARM64.ActiveCfg = Win8.1 Debug|ARM64
		{7550B521-2E05-48AC-A33C-0B18FF04F92B}.Win8.1 Debug|ARM64.Build.0 = Win8.1 Debug|ARM64
		{7550B521-2E05-48AC-A33C-0B18FF04F92B}.Win8.1 Debug|Win32.ActiveCfg = Win8.1 Debug|Win32
		{7550B521-2E05-48AC-A33C-0B18FF04F92B}.Win8.1 Debug|Win32.Build.0 = Win8.1 Debug|Win32
		{7550B521-2E05-48AC-A33C-0B18FF04F92B}.Win8.1 Debug|x64.ActiveCfg = Win8.1 Debug|x64
		{7550B521-2E05-48AC-A33C-0B18FF04F92B}.Win8.1 Debug|x64.Build.0 = Win8.1 Debug|x64
		{7550B521-2E05-48AC-A33C-0B18FF04F92B}.Win8.1 Release|ARM.ActiveCfg = Win8.1 Release|ARM
		{7550B521-2E05-48AC-A33C-0B18FF04F92B}.Win8.1 Release|ARM.Build.0 = Win8.1 Release|ARM
		{7550B521-2E05-48AC-A33C-0B18FF04F92B}.Win8.1 Release|ARM64.ActiveCfg = Win8.1 Release|ARM64
		{7550B521-2E05-48AC-A33C-0B18FF04F92B}.Win8.1 Release|ARM64.Build.0 = Win8.1 Release|ARM64
		{7550B521-2E05-48AC-A33C-0B18FF04F92B}.Win8.1 Release|Win32.ActiveCfg = Win8.1 Release|Win32
		{7550B521-2E05-48AC-A33C-0B18FF04F92B}.Win8.1 Release|Win32.Build.0 = Win8.1 Release|Win32
		{7550B521-2E05-48AC-A33C-0B18FF04F92B}.Win8.1 Release|x64.ActiveCfg = Win8.1 Release|x64
		{7550B521-2E05-48AC-A33C-0B18FF04F92B}.Win8.1 Release|x64.Build.0 = Win8.1 Release|x64
		{737768E7-956F-46DE-9C4B-40D6536E2118}.Debug|ARM.ActiveCfg = Debug|ARM
		{737768E7-956F-46DE-9C4B-40D6536E2118}.Debug|ARM.Build.0 = Debug|ARM
		{737768E7-956F-46DE-9C4B-40D6536E2118}.Debug|ARM64.ActiveCfg = Debug|ARM64
		{737768E7-956F-46DE-9C4B-40D6536E2118}.Debug|ARM64.Build.0 = Debug|ARM64
		{737768E7-956F-46DE-9C4B-40D6536E2118}.Debug|Win32.ActiveCfg = Debug|Win32
		{737768E7-956F-46DE-9C4B-40D6536E2118}.Debug|Win32.Build.0 = Debug|Win32
		{737768E7-956F-46DE-9C4B-40D6536E2118}.Debug|x64.ActiveCfg = Debug|x64
		{737768E7-956F-46DE-9C4B-40D6536E2118}.Debug|x64.Build.0 = Debug|x64
		{737768E7-956F-46DE-9C4B-40D6536E2118}.Release|ARM.ActiveCfg = Release|ARM
		{737768E7-956F-46DE-9C4B-40D6536E2118}.Release|ARM.Build.0 = Release|ARM
		{737768E7-956F-46DE-9C4B-40D6536E2118}.Release|ARM64.ActiveCfg = Release|ARM64
		{737768E7-956F-46DE-9C4B-40D6536E2118}.Release|ARM64.Build.0 = Release|ARM64
		{737768E7-956F-46DE-9C4B-40D6536E2118}.Release|Win32.ActiveCfg = Release|Win32
		{737768E7-956F-46DE-9C4B-40D6536E2118}.Release|Win32.Build.0 = Release|Win32
		{737768E7-956F-46DE-9C4B-40D6536E2118}.Release|x64.ActiveCfg = Release|x64
		{737768E7-956F-46DE-9C4B-40D6536E2118}.Release|x64.Build.0 = Release|x64
		{737768E7-956F-46DE-9C4B-40D6536E2118}.Win7 Debug|ARM.ActiveCfg = Debug|ARM
		{737768E7-956F-46DE-9C4B-40D6536E2118}.Win7 Debug|ARM64.ActiveCfg = Debug|ARM64
		{737768E7-956F-46DE-9C4B-40D6536E2118}.Win7 Debug|ARM64.Build.0 = Debug|ARM64
		{737768E7-956F-46DE-9C4B-40D6536E2118}.Win7 Debug|Win32.ActiveCfg = Debug|Win32
		{737768E7-956F-46DE-9C4B-40D6536E2118}.Win7 Debug|Win32.Build.0 = Debug|Win32
		{737768E7-956F-46DE-9C4B-40D6536E2118}.Win7 Debug|x64.ActiveCfg = Debug|x64
		{737768E7-956F-46DE-9C4B-40D6536E2118}.Win7 Debug|x64.Build.0 = Debug|x64
		{737768E7-956F-46DE-9C4B-40D6536E2118}.Win7 Release|ARM.ActiveCfg = Release|ARM
		{737768E7-956F-46DE-9C4B-40D6536E2118}.Win7 Release|ARM64.ActiveCfg = Release|ARM64
		{737768E7-956F-46DE-9C4B-40D6536E2118}.Win7 Release|ARM64.Build.0 = Release|ARM64
		{737768E7-956F-46DE-9C4B-40D6536E2118}.Win7 Release|Win32.ActiveCfg = Release|Win32
		{737768E7-956F-46DE-9C4B-40D6536E2118}.Win7 Release|Win32.Build.0 = Release|Win32
		{737768E7-956F-46DE-9C4B-40D6536E2118}.Win7 Release|x64.ActiveCfg = Release|x64
		{737768E7-956F-46DE-9C4B-40D6536E2118}.Win7 Release|x64.Build.0 = Release|x64
		{737768E7-956F-46DE-9C4B-40D6536E2118}.Win8 Debug|ARM.ActiveCfg = Debug|ARM
		{737768E7-956F-46DE-9C4B-40D6536E2118}.Win8 Debug|ARM.Build.0 = Debug|ARM
		{737768E7-956F-46DE-9C4B-40D6536E2118}.Win8 Debug|ARM64.ActiveCfg = Debug|ARM64
		{737768E7-956F-46DE-9C4B-40D6536E2118}.Win8 Debug|ARM64.Build.0 = Debug|ARM64
		{737768E7-956F-46DE-9C4B-40D6536E2118}.Win8 Debug|Win32.ActiveCfg = Debug|Win32
		{737768E7-956F-46DE-9C4B-40D6536E2118}.Win8 Debug|Win32.Build.0 = Debug|Win32
		{737768E7-956F-46DE-9C4B-40D6536E2118}.Win8 Debug|x64.ActiveCfg = Debug|x64
		{737768E7-956F-46DE-9C4B-40D6536E2118}.Win8 Debug|x64.Build.0 = Debug|x64
		{737768E7-956F-46DE-9C4B-40D6536E2118}.Win8 Release|ARM.ActiveCfg = Release|ARM
		{737768E7-956F-46DE-9C4B-40D6536E2118}.Win8 Release|ARM.Build.0 = Release|ARM
		{737768E7-956F-46DE-9C4B-40D6536E2118}.Win8 Release|ARM64.ActiveCfg = Release|ARM64
		{737768E7-956F-46DE-9C4B-40D6536E2118}.Win8 Release|ARM64.Build.0 = Release|ARM64
		{737768E7-956F-46DE-9C4B-40D6536E2118}.Win8 Release|Win32.ActiveCfg = Release|Win32
		{737768E7-956F-46DE-9C4B-40D6536E2118}.Win8 Release|Win32.Build.0 = Release|Win32
		{737768E7-956F-46DE-9C4B-40D6536E2118}.Win8 Release|x64.ActiveCfg = Release|x64
		{737768E7-956F-46DE-9C4B-40D6536E2118}.Win8 Release|x64.Build.0 = Release|x64
		{737768E7-956F-46DE-9C4B-40D6536E2118}.Win8.1 Debug|ARM.ActiveCfg = Debug|ARM
		{737768E7-956F-46DE-9C4B-40D6536E2118}.Win8.1 Debug|ARM.Build.0 = Debug|ARM
		{737768E7-956F-46DE-9C4B-40D6536E2118}.Win8.1 Debug|ARM64.ActiveCfg = Debug|ARM64
		{737768E7-956F-46DE-9C4B-40D6536E2118}.Win8.1 Debug|ARM64.Build.0 = Debug|ARM64
		{737768E7-956F-46DE-9C4B-40D6536E2118}.Win8.1 Debug|Win32.ActiveCfg = Debug|Win32
		{737768E7-956F-46DE-9C4B-40D6536E2118}.Win8.1 Debug|Win32.Build.0 = Debug|Win32
		{737768E7-956F-46DE-9C4B-40D6536E2118}.Win8.1 Debug|x64.ActiveCfg = Debug|x64
		{737768E7-956F-46DE-9C4B-40D6536E2118}.Win8.1 Debug|x64.Build.0 = Debug|x64
		{737768E7-956F-46DE-9C4B-40D6536E2118}.Win8.1 Release|ARM.ActiveCfg = Release|ARM
		{737768E7-956F-46DE-9C4B-40D6536E2118}.Win8.1 Release|ARM.Build.0 = Release|ARM
		{737768E7-956F-46DE-9C4B-40D6536E2118}.Win8.1 Release|ARM64.ActiveCfg = Release|ARM64
		{737768E7-956F-46DE-9C4B-40D6536E2118}.Win8.1 Release|ARM64.Build.0 = Release|ARM64
		{737768E7-956F-46DE-9C4B-40D6536E2118}.Win8.1 Release|Win32.ActiveCfg = Release|Win32
		{737768E7-956F-46DE-9C4B-40D6536E2118}.Win8.1 Release|Win32.Build.0 = Release|Win32
		{737768E7-956F-46DE-9C4B-40D6536E2118}.Win8.1 Release|x64.ActiveCfg = Release|x64
		{737768E7-956F-46DE-9C4B-40D6536E2118}.Win8.1 Release|x64.Build.0 = Release|x64
		{E55519E4-180A-4732-A328-9DE219007C32}.Debug|ARM.ActiveCfg = Debug|ARM
		{E55519E4-180A-4732-A328-9DE219007C32}.Debug|ARM.Build.0 = Debug|ARM
		{E55519E4-180A-4732-A328-9DE219007C32}.Debug|ARM64.ActiveCfg = Debug|ARM64
		{E55519E4-180A-4732-A328-9DE219007C32}.Debug|ARM64.Build.0 = Debug|ARM64
		{E55519E4-180A-4732-A328-9DE219007C32}.Debug|Win32.ActiveCfg = Debug|Win32
		{E55519E4-180A-4732-A328-9DE219007C32}.Debug|Win32.Build.0 = Debug|Win32
		{E55519E4-180A-4732-A328-9DE219007C32}.Debug|x64.ActiveCfg = Debug|x64
		{E55519E4-180A-4732-A328-9DE219007C32}.Debug|x64.Build.0 = Debug|x64
		{E55519E4-180A-4732-A328-9DE219007C32}.Release|ARM.ActiveCfg = Release|ARM
		{E55519E4-180A-4732-A328-9DE219007C32}.Release|ARM.Build.0 = Release|ARM
		{E55519E4-180A-4732-A328-9DE219007C32}.Release|ARM64.ActiveCfg = Release|ARM64
		{E55519E4-180A-4732-A328-9DE219007C32}.Release|ARM64.Build.0 = Release|ARM64
		{E55519E4-180A-4732-A328-9DE219007C32}.Release|Win32.ActiveCfg = Release|Win32
		{E55519E4-180A-4732-A328-9DE219007C32}.Release|Win32.Build.0 = Release|Win32
		{E55519E4-180A-4732-A328-9DE219007C32}.Release|x64.ActiveCfg = Release|x64
		{E55519E4-180A-4732-A328-9DE219007C32}.Release|x64.Build.0 = Release|x64
		{E55519E4-180A-4732-A328-9DE219007C32}.Win7 Debug|ARM.ActiveCfg = Debug|ARM
		{E55519E4-180A-4732-A328-9DE219007C32}.Win7 Debug|ARM64.ActiveCfg = Debug|ARM64
		{E55519E4-180A-4732-A328-9DE219007C32}.Win7 Debug|ARM64.Build.0 = Debug|ARM64
		{E55519E4-180A-4732-A328-9DE219007C32}.Win7 Debug|Win32.ActiveCfg = Debug|Win32
		{E55519E4-180A-4732-A328-9DE219007C32}.Win7 Debug|Win32.Build.0 = Debug|Win32
		{E55519E4-180A-4732-A328-9DE219007C32}.Win7 Debug|x64.ActiveCfg = Debug|x64
		{E55519E4-180A-4732-A328-9DE219007C32}.Win7 Debug|x64.Build.0 = Debug|x64
		{E55519E4-180A-4732-A328-9DE219007C32}.Win7 Release|ARM.ActiveCfg = Release|ARM
		{E55519E4-180A-4732-A328-9DE219007C32}.Win7 Release|ARM64.ActiveCfg = Release|ARM64
		{E55519E4-180A-4732-A328-9DE219007C32}.Win7 Release|ARM64.Build.0 = Release|ARM64
		{E55519E4-180A-4732-A328-9DE219007C32}.Win7 Release|Win32.ActiveCfg = Release|Win32
		{E55519E4-180A-4732-A328-9DE219007C32}.Win7 Release|Win32.Build.0 = Release|Win32
		{E55519E4-180A-4732-A328-9DE219007C32}.Win7 Release|x64.ActiveCfg = Release|x64
		{E55519E4-180A-4732-A328-9DE219007C32}.Win7 Release|x64.Build.0 = Release|x64
		{E55519E4-180A-4732-A328-9DE219007C32}.Win8 Debug|ARM.ActiveCfg = Debug|ARM
		{E55519E4-180A-4732-A328-9DE219007C32}.Win8 Debug|ARM.Build.0 = Debug|ARM
		{E55519E4-180A-4732-A328-9DE219007C32}.Win8 Debug|ARM64.ActiveCfg = Debug|ARM64
		{E55519E4-180A-4732-A328-9DE219007C32}.Win8 Debug|ARM64.Build.0 = Debug|ARM64
		{E55519E4-180A-4732-A328-9DE219007C32}.Win8 Debug|Win32.ActiveCfg = Debug|Win32
		{E55519E4-180A-4732-A328-9DE219007C32}.Win8 Debug|Win32.Build.0 = Debug|Win32
		{E55519E4-180A-4732-A328-9DE219007C32}.Win8 Debug|x64.ActiveCfg = Debug|x64
		{E55519E4-180A-4732-A328-9DE219007C32}.Win8 Debug|x64.Build.0 = Debug|x64
		{E55519E4-180A-4732-A328-9DE219007C32}.Win8 Release|ARM.ActiveCfg = Release|ARM
		{E55519E4-180A-4732-A328-9DE219007C32}.Win8 Release|ARM.Build.0 = Release|ARM
		{E55519E4-180A-4732-A328-9DE219007C32}.Win8 Release|ARM64.ActiveCfg = Release|ARM64
		{E55519E4-180A-4732-A328-9DE219007C32}.Win8 Release|ARM64.Build.0 = Release|ARM64
		{E55519E4-180A-4732-A328-9DE219007C32}.Win8 Release|Win32.ActiveCfg = Release|Win32
		{E55519E4-180A-4732-A328-9DE219007C32}.Win8 Release|Win32.Build.0 = Release|Win32
		{E55519E4-180A-4732-A328-9DE219007C32}.Win8 Release|x64.ActiveCfg = Release|x64
		{E55519E4-180A-4732-A328-9DE219007C32}.Win8 Release|x64.Build.0 = Release|x64
		{E55519E4-180A-4732-A328-9DE219007C32}.Win8.1 Debug|ARM.ActiveCfg = Debug|ARM
		{E55519E4-180A-4732-A328-9DE219007C32}.Win8.1 Debug|ARM.Build.0 = Debug|ARM
		{E55519E4-180A-4732-A328-9DE219007C32}.Win8.1 Debug|ARM64.ActiveCfg = Debug|ARM64
		{E55519E4-180A-4732-A328-9DE219007C32}.Win8.1 Debug|ARM64.Build.0 = Debug|ARM64
		{E55519E4-180A-4732-A328-9DE219007C32}.Win8.1 Debug|Win32.ActiveCfg = Debug|Win32
		{E55519E4-180A-4732-A328-9DE219007C32}.Win8.1 Debug|Win32.Build.0 = Debug|Win32
		{E55519E4-180A-4732-A328-9DE219007C32}.Win8.1 Debug|x64.ActiveCfg = Debug|x64
		{E55519E4-180A-4732-A328-9DE219007C32}.Win8.1 Debug|x64.Build.0 = Debug|x64
		{E55519E4-180A-4732-A328-9DE219007C32}.Win8.1 Release|ARM.ActiveCfg = Release|ARM
		{E55519E4-180A-4732-A328-9DE219007C32}.Win8.1 Release|ARM.Build.0 = Release|ARM
		{E55519E4-180A-4732-A328-9DE219007C32}.Win8.1 Release|ARM64.ActiveCfg = Release|ARM64
		{E55519E4-180A-4732-A328-9DE219007C32}.Win8.1 Release|ARM64.Build.0 = Release|ARM64
		{E55519E4-180A-4732-A328-9DE219007C32}.Win8.1 Release|Win32.ActiveCfg = Release|Win32
		{E55519E4-180A-4732-A328-9DE219007C32}.Win8.1 Release|Win32.Build.0 = Release|Win32
		{E55519E4-180A-4732-A328-9DE219007C32}.Win8.1 Release|x64.ActiveCfg = Release|x64
		{E55519E4-180A-4732-A328-9DE219007C32}.Win8.1 Release|x64.Build.0 = Release|x64
		{1082835A-1459-4D64-A2C4-E58A2F1F4537}.Debug|ARM.ActiveCfg = Win8.1 Debug|ARM
		{1082835A-1459-4D64-A2C4-E58A2F1F4537}.Debug|ARM.Build.0 = Win8.1 Debug|ARM
		{1082835A-1459-4D64-A2C4-E58A2F1F4537}.Debug|ARM64.ActiveCfg = Win8.1 Debug|ARM64
		{1082835A-1459-4D64-A2C4-E58A2F1F4537}.Debug|Win32.ActiveCfg = Win7 Debug|Win32
		{1082835A-1459-4D64-A2C4-E58A2F1F4537}.Debug|Win32.Build.0 = Win7 Debug|Win32
		{1082835A-1459-4D64-A2C4-E58A2F1F4537}.Debug|x64.ActiveCfg = Win7 Debug|x64
		{1082835A-1459-4D64-A2C4-E58A2F1F4537}.Debug|x64.Build.0 = Win7 Debug|x64
		{1082835A-1459-4D64-A2C4-E58A2F1F4537}.Release|ARM.ActiveCfg = Win8.1 Release|ARM
		{1082835A-1459-4D64-A2C4-E58A2F1F4537}.Release|ARM.Build.0 = Win8.1 Release|ARM
		{1082835A-1459-4D64-A2C4-E58A2F1F4537}.Release|ARM64.ActiveCfg = Win8.1 Release|ARM64
		{1082835A-1459-4D64-A2C4-E58A2F1F4537}.Release|Win32.ActiveCfg = Win7 Release|Win32
		{1082835A-1459-4D64-A2C4-E58A2F1F4537}.Release|Win32.Build.0 = Win7 Release|Win32
		{1082835A-1459-4D64-A2C4-E58A2F1F4537}.Release|x64.ActiveCfg = Win7 Release|x64
		{1082835A-1459-4D64-A2C4-E58A2F1F4537}.Release|x64.Build.0 = Win7 Release|x64
		{1082835A-1459-4D64-A2C4-E58A2F1F4537}.Win7 Debug|ARM.ActiveCfg = Win7 Debug|ARM
		{1082835A-1459-4D64-A2C4-E58A2F1F4537}.Win7 Debug|ARM64.ActiveCfg = Win7 Debug|ARM64
		{1082835A-1459-4D64-A2C4-E58A2F1F4537}.Win7 Debug|Win32.ActiveCfg = Win7 Debug|Win32
		{1082835A-1459-4D64-A2C4-E58A2F1F4537}.Win7 Debug|Win32.Build.0 = Win7 Debug|Win32
		{1082835A-1459-4D64-A2C4-E58A2F1F4537}.Win7 Debug|x64.ActiveCfg = Win7 Debug|x64
		{1082835A-1459-4D64-A2C4-E58A2F1F4537}.Win7 Debug|x64.Build.0 = Win7 Debug|x64
		{1082835A-1459-4D64-A2C4-E58A2F1F4537}.Win7 Release|ARM.ActiveCfg = Win7 Release|ARM
		{1082835A-1459-4D64-A2C4-E58A2F1F4537}.Win7 Release|ARM64.ActiveCfg = Win7 Release|ARM64
		{1082835A-1459-4D64-A2C4-E58A2F1F4537}.Win7 Release|Win32.ActiveCfg = Win7 Release|Win32
		{1082835A-1459-4D64-A2C4-E58A2F1F4537}.Win7 Release|Win32.Build.0 = Win7 Release|Win32
		{1082835A-1459-4D64-A2C4-E58A2F1F4537}.Win7 Release|x64.ActiveCfg = Win7 Release|x64
		{1082835A-1459-4D64-A2C4-E58A2F1F4537}.Win7 Release|x64.Build.0 = Win7 Release|x64
		{1082835A-1459-4D64-A2C4-E58A2F1F4537}.Win8 Debug|ARM.ActiveCfg = Win8 Debug|ARM
		{1082835A-1459-4D64-A2C4-E58A2F1F4537}.Win8 Debug|ARM64.ActiveCfg = Win8 Debug|ARM64
		{1082835A-1459-4D64-A2C4-E58A2F1F4537}.Win8 Debug|Win32.ActiveCfg = Win8 Debug|Win32
		{1082835A-1459-4D64-A2C4-E58A2F1F4537}.Win8 Debug|Win32.Build.0 = Win8 Debug|Win32
		{1082835A-1459-4D64-A2C4-E58A2F1F4537}.Win8 Debug|x64.ActiveCfg = Win8 Debug|x64
		{1082835A-1459-4D64-A2C4-E58A2F1F4537}.Win8 Debug|x64.Build.0 = Win8 Debug|x64
		{1082835A-1459-4D64-A2C4-E58A2F1F4537}.Win8 Release|ARM.ActiveCfg = Win8 Release|ARM
		{1082835A-1459-4D64-A2C4-E58A2F1F4537}.Win8 Release|ARM.Build.0 = Win8 Release|ARM
		{1082835A-1459-4D64-A2C4-E58A2F1F4537}.Win8 Release|ARM64.ActiveCfg = Win8 Release|ARM64
		{1082835A-1459-4D64-A2C4-E58A2F1F4537}.Win8 Release|Win32.ActiveCfg = Win8 Release|Win32
		{1082835A-1459-4D64-A2C4-E58A2F1F4537}.Win8 Release|Win32.Build.0 = Win8 Release|Win32
		{1082835A-1459-4D64-A2C4-E58A2F1F4537}.Win8 Release|x64.ActiveCfg = Win8 Release|x64
		{1082835A-1459-4D64-A2C4-E58A2F1F4537}.Win8 Release|x64.Build.0 = Win8 Release|x64
		{1082835A-1459-4D64-A2C4-E58A2F1F4537}.Win8.1 Debug|ARM.ActiveCfg = Win8.1 Debug|ARM
		{1082835A-1459-4D64-A2C4-E58A2F1F4537}.Win8.1 Debug|ARM.Build.0 = Win8.1 Debug|ARM
		{1082835A-1459-4D64-A2C4-E58A2F1F4537}.Win8.1 Debug|ARM64.ActiveCfg = Win8.1 Debug|ARM64
		{1082835A-1459-4D64-A2C4-E58A2F1F4537}.Win8.1 Debug|ARM64.Build.0 = Win8.1 Debug|ARM64
		{1082835A-1459-4D64-A2C4-E58A2F1F4537}.Win8.1 Debug|Win32.ActiveCfg = Win8.1 Debug|Win32
		{1082835A-1459-4D64-A2C4-E58A2F1F4537}.Win8.1 Debug|Win32.Build.0 = Win8.1 Debug|Win32
		{1082835A-1459-4D64-A2C4-E58A2F1F4537}.Win8.1 Debug|x64.ActiveCfg = Win8.1 Debug|x64
		{1082835A-1459-4D64-A2C4-E58A2F1F4537}.Win8.1 Debug|x64.Build.0 = Win8.1 Debug|x64
		{1082835A-1459-4D64-A2C4-E58A2F1F4537}.Win8.1 Release|ARM.ActiveCfg = Win8.1 Release|ARM
		{1082835A-1459-4D64-A2C4-E58A2F1F4537}.Win8.1 Release|ARM.Build.0 = Win8.1 Release|ARM
		{1082835A-1459-4D64-A2C4-E58A2F1F4537}.Win8.1 Release|ARM64.ActiveCfg = Win8.1 Release|ARM64
		{1082835A-1459-4D64-A2C4-E58A2F1F4537}.Win8.1 Release|ARM64.Build.0 = Win8.1 Release|ARM64
		{1082835A-1459-4D64-A2C4-E58A2F1F4537}.Win8.1 Release|Win32.ActiveCfg = Win8.1 Release|Win32
		{1082835A-1459-4D64-A2C4-E58A2F1F4537}.Win8.1 Release|Win32.Build.0 = Win8.1 Release|Win32
		{1082835A-1459-4D64-A2C4-E58A2F1F4537}.Win8.1 Release|x64.ActiveCfg = Win8.1 Release|x64
		{1082835A-1459-4D64-A2C4-E58A2F1F4537}.Win8.1 Release|x64.Build.0 = Win8.1 Release|x64
		{6350F53D-694E-46A2-95FD-362434D1E6D4}.Debug|ARM.ActiveCfg = Win8 Debug|ARM
		{6350F53D-694E-46A2-95FD-362434D1E6D4}.Debug|ARM.Build.0 = Win8 Debug|ARM
		{6350F53D-694E-46A2-95FD-362434D1E6D4}.Debug|ARM64.ActiveCfg = Win8.1 Debug|ARM64
		{6350F53D-694E-46A2-95FD-362434D1E6D4}.Debug|Win32.ActiveCfg = Win8 Debug|Win32
		{6350F53D-694E-46A2-95FD-362434D1E6D4}.Debug|Win32.Build.0 = Win8 Debug|Win32
		{6350F53D-694E-46A2-95FD-362434D1E6D4}.Debug|x64.ActiveCfg = Win8 Debug|x64
		{6350F53D-694E-46A2-95FD-362434D1E6D4}.Debug|x64.Build.0 = Win8 Debug|x64
		{6350F53D-694E-46A2-95FD-362434D1E6D4}.Release|ARM.ActiveCfg = Win7 Release|ARM
		{6350F53D-694E-46A2-95FD-362434D1E6D4}.Release|ARM.Build.0 = Win7 Release|ARM
		{6350F53D-694E-46A2-95FD-362434D1E6D4}.Release|ARM64.ActiveCfg = Win8.1 Release|ARM64
		{6350F53D-694E-46A2-95FD-362434D1E6D4}.Release|Win32.ActiveCfg = Win7 Release|Win32
		{6350F53D-694E-46A2-95FD-362434D1E6D4}.Release|Win32.Build.0 = Win7 Release|Win32
		{6350F53D-694E-46A2-95FD-362434D1E6D4}.Release|x64.ActiveCfg = Win7 Release|x64
		{6350F53D-694E-46A2-95FD-362434D1E6D4}.Release|x64.Build.0 = Win7 Release|x64
		{6350F53D-694E-46A2-95FD-362434D1E6D4}.Win7 Debug|ARM.ActiveCfg = Win7 Debug|ARM
		{6350F53D-694E-46A2-95FD-362434D1E6D4}.Win7 Debug|ARM64.ActiveCfg = Win7 Debug|ARM64
		{6350F53D-694E-46A2-95FD-362434D1E6D4}.Win7 Debug|Win32.ActiveCfg = Win7 Debug|Win32
		{6350F53D-694E-46A2-95FD-362434D1E6D4}.Win7 Debug|Win32.Build.0 = Win7 Debug|Win32
		{6350F53D-694E-46A2-95FD-362434D1E6D4}.Win7 Debug|x64.ActiveCfg = Win7 Debug|x64
		{6350F53D-694E-46A2-95FD-362434D1E6D4}.Win7 Debug|x64.Build.0 = Win7 Debug|x64
		{6350F53D-694E-46A2-95FD-362434D1E6D4}.Win7 Release|ARM.ActiveCfg = Win7 Release|ARM
		{6350F53D-694E-46A2-95FD-362434D1E6D4}.Win7 Release|ARM64.ActiveCfg = Win7 Release|ARM64
		{6350F53D-694E-46A2-95FD-362434D1E6D4}.Win7 Release|Win32.ActiveCfg = Win7 Release|Win32
		{6350F53D-694E-46A2-95FD-362434D1E6D4}.Win7 Release|Win32.Build.0 = Win7 Release|Win32
		{6350F53D-694E-46A2-95FD-362434D1E6D4}.Win7 Release|x64.ActiveCfg = Win7 Release|x64
		{6350F53D-694E-46A2-95FD-362434D1E6D4}.Win7 Release|x64.Build.0 = Win7 Release|x64
		{6350F53D-694E-46A2-95FD-362434D1E6D4}.Win8 Debug|ARM.ActiveCfg = Win8 Debug|ARM
		{6350F53D-694E-46A2-95FD-362434D1E6D4}.Win8 Debug|ARM64.ActiveCfg = Win8 Debug|ARM64
		{6350F53D-694E-46A2-95FD-362434D1E6D4}.Win8 Debug|Win32.ActiveCfg = Win8 Debug|Win32
		{6350F53D-694E-46A2-95FD-362434D1E6D4}.Win8 Debug|Win32.Build.0 = Win8 Debug|Win32
		{6350F53D-694E-46A2-95FD-362434D1E6D4}.Win8 Debug|x64.ActiveCfg = Win8 Debug|x64
		{6350F53D-694E-46A2-95FD-362434D1E6D4}.Win8 Debug|x64.Build.0 = Win8 Debug|x64
		{6350F53D-694E-46A2-95FD-362434D1E6D4}.Win8 Release|ARM.ActiveCfg = Win8 Release|ARM
		{6350F53D-694E-46A2-95FD-362434D1E6D4}.Win8 Release|ARM.Build.0 = Win8 Release|ARM
		{6350F53D-694E-46A2-95FD-362434D1E6D4}.Win8 Release|ARM64.ActiveCfg = Win8 Release|ARM64
		{6350F53D-694E-46A2-95FD-362434D1E6D4}.Win8 Release|Win32.ActiveCfg = Win8 Release|Win32
		{6350F53D-694E-46A2-95FD-362434D1E6D4}.Win8 Release|Win32.Build.0 = Win8 Release|Win32
		{6350F53D-694E-46A2-95FD-362434D1E6D4}.Win8 Release|x64.ActiveCfg = Win8 Release|x64
		{6350F53D-694E-46A2-95FD-362434D1E6D4}.Win8 Release|x64.Build.0 = Win8 Release|x64
		{6350F53D-694E-46A2-95FD-362434D1E6D4}.Win8.1 Debug|ARM.ActiveCfg = Win8.1 Debug|ARM
		{6350F53D-694E-46A2-95FD-362434D1E6D4}.Win8.1 Debug|ARM.Build.0 = Win8.1 Debug|ARM
		{6350F53D-694E-46A2-95FD-362434D1E6D4}.Win8.1 Debug|ARM64.ActiveCfg = Win8.1 Debug|ARM64
		{6350F53D-694E-46A2-95FD-362434D1E6D4}.Win8.1 Debug|ARM64.Build.0 = Win8.1 Debug|ARM64
		{6350F53D-694E-46A2-95FD-362434D1E6D4}.Win8.1 Debug|Win32.ActiveCfg = Win8.1 Debug|Win32
		{6350F53D-694E-46A2-95FD-362434D1E6D4}.Win8.1 Debug|Win32.Build.0 = Win8.1 Debug|Win32
		{6350F53D-694E-46A2-95FD-362434D1E6D4}.Win8.1 Debug|x64.ActiveCfg = Win8.1 Debug|x64
		{6350F53D-694E-46A2-95FD-362434D1E6D4}.Win8.1 Debug|x64.Build.0 = Win8.1 Debug|x64
		{6350F53D-694E-46A2-95FD-362434D1E6D4}.Win8.1 Release|ARM.ActiveCfg = Win8.1 Release|ARM
		{6350F53D-694E-46A2-95FD-362434D1E6D4}.Win8.1 Release|ARM.Build.0 = Win8.1 Release|ARM
		{6350F53D-694E-46A2-95FD-362434D1E6D4}.Win8.1 Release|ARM64.ActiveCfg = Win8.1 Release|ARM64
		{6350F53D-694E-46A2-95FD-362434D1E6D4}.Win8.1 Release|ARM64.Build.0 = Win8.1 Release|ARM64
		{6350F53D-694E-46A2-95FD-362434D1E6D4}.Win8.1 Release|Win32.ActiveCfg = Win8.1 Release|Win32
		{6350F53D-694E-46A2-95FD-362434D1E6D4}.Win8.1 Release|Win32.Build.0 = Win8.1 Release|Win32
		{6350F53D-694E-46A2-95FD-362434D1E6D4}.Win8.1 Release|x64.ActiveCfg = Win8.1 Release|x64
		{6350F53D-694E-46A2-95FD-362434D1E6D4}.Win8.1 Release|x64.Build.0 = Win8.1 Release|x64
		{03B6E03C-9E33-4365-84AB-28529A31D5B6}.Debug|ARM.ActiveCfg = Debug|ARM
		{03B6E03C-9E33-4365-84AB-28529A31D5B6}.Debug|ARM.Build.0 = Debug|ARM
		{03B6E03C-9E33-4365-84AB-28529A31D5B6}.Debug|ARM64.ActiveCfg = Debug|ARM64
		{03B6E03C-9E33-4365-84AB-28529A31D5B6}.Debug|ARM64.Build.0 = Debug|ARM64
		{03B6E03C-9E33-4365-84AB-28529A31D5B6}.Debug|Win32.ActiveCfg = Debug|Win32
		{03B6E03C-9E33-4365-84AB-28529A31D5B6}.Debug|Win32.Build.0 = Debug|Win32
		{03B6E03C-9E33-4365-84AB-28529A31D5B6}.Debug|x64.ActiveCfg = Debug|x64
		{03B6E03C-9E33-4365-84AB-28529A31D5B6}.Debug|x64.Build.0 = Debug|x64
		{03B6E03C-9E33-4365-84AB-28529A31D5B6}.Release|ARM.ActiveCfg = Release|ARM
		{03B6E03C-9E33-4365-84AB-28529A31D5B6}.Release|ARM.Build.0 = Release|ARM
		{03B6E03C-9E33-4365-84AB-28529A31D5B6}.Release|ARM64.ActiveCfg = Release|ARM64
		{03B6E03C-9E33-4365-84AB-28529A31D5B6}.Release|ARM64.Build.0 = Release|ARM64
		{03B6E03C-9E33-4365-84AB-28529A31D5B6}.Release|Win32.ActiveCfg = Release|Win32
		{03B6E03C-9E33-4365-84AB-28529A31D5B6}.Release|Win32.Build.0 = Release|Win32
		{03B6E03C-9E33-4365-84AB-28529A31D5B6}.Release|x64.ActiveCfg = Release|x64
		{03B6E03C-9E33-4365-84AB-28529A31D5B6}.Release|x64.Build.0 = Release|x64
		{03B6E03C-9E33-4365-84AB-28529A31D5B6}.Win7 Debug|ARM.ActiveCfg = Debug|ARM
		{03B6E03C-9E33-4365-84AB-28529A31D5B6}.Win7 Debug|ARM.Build.0 = Debug|ARM
		{03B6E03C-9E33-4365-84AB-28529A31D5B6}.Win7 Debug|ARM64.ActiveCfg = Debug|ARM64
		{03B6E03C-9E33-4365-84AB-28529A31D5B6}.Win7 Debug|ARM64.Build.0 = Debug|ARM64
		{03B6E03C-9E33-4365-84AB-28529A31D5B6}.Win7 Debug|Win32.ActiveCfg = Debug|Win32
		{03B6E03C-9E33-4365-84AB-28529A31D5B6}.Win7 Debug|Win32.Build.0 = Debug|Win32
		{03B6E03C-9E33-4365-84AB-28529A31D5B6}.Win7 Debug|x64.ActiveCfg = Debug|x64
		{03B6E03C-9E33-4365-84AB-28529A31D5B6}.Win7 Debug|x64.Build.0 = Debug|x64
		{03B6E03C-9E33-4365-84AB-28529A31D5B6}.Win7 Release|ARM.ActiveCfg = Release|ARM
		{03B6E03C-9E33-4365-84AB-28529A31D5B6}.Win7 Release|ARM.Build.0 = Release|ARM
		{03B6E03C-9E33-4365-84AB-28529A31D5B6}.Win7 Release|ARM64.ActiveCfg = Release|ARM64
		{03B6E03C-9E33-4365-84AB-28529A31D5B6}.Win7 Release|ARM64.Build.0 = Release|ARM64
		{03B6E03C-9E33-4365-84AB-28529A31D5B6}.Win7 Release|Win32.ActiveCfg = Release|Win32
		{03B6E03C-9E33-4365-84AB-28529A31D5B6}.Win7 Release|Win32.Build.0 = Release|Win32
		{03B6E03C-9E33-4365-84AB-28529A31D5B6}.Win7 Release|x64.ActiveCfg = Release|x64
		{03B6E03C-9E33-4365-84AB-28529A31D5B6}.Win7 Release|x64.Build.0 = Release|x64
		{03B6E03C-9E33-4365-84AB-28529A31D5B6}.Win8 Debug|ARM.ActiveCfg = Debug|ARM
		{03B6E03C-9E33-4365-84AB-28529A31D5B6}.Win8 Debug|ARM.Build.0 = Debug|ARM
		{03B6E03C-9E33-4365-84AB-28529A31D5B6}.Win8 Debug|ARM64.ActiveCfg = Debug|ARM64
		{03B6E03C-9E33-4365-84AB-28529A31D5B6}.Win8 Debug|ARM64.Build.0 = Debug|ARM64
		{03B6E03C-9E33-4365-84AB-28529A31D5B6}.Win8 Debug|Win32.ActiveCfg = Debug|Win32
		{03B6E03C-9E33-4365-84AB-28529A31D5B6}.Win8 Debug|Win32.Build.0 = Debug|Win32
		{03B6E03C-9E33-4365-84AB-28529A31D5B6}.Win8 Debug|x64.ActiveCfg = Debug|x64
		{03B6E03C-9E33-4365-84AB-28529A31D5B6}.Win8 Debug|x64.Build.0 = Debug|x64
		{03B6E03C-9E33-4365-84AB-28529A31D5B6}.Win8 Release|ARM.ActiveCfg = Release|ARM
		{03B6E03C-9E33-4365-84AB-28529A31D5B6}.Win8 Release|ARM.Build.0 = Release|ARM
		{03B6E03C-9E33-4365-84AB-28529A31D5B6}.Win8 Release|ARM64.ActiveCfg = Release|ARM64
		{03B6E03C-9E33-4365-84AB-28529A31D5B6}.Win8 Release|ARM64.Build.0 = Release|ARM64
		{03B6E03C-9E33-4365-84AB-28529A31D5B6}.Win8 Release|Win32.ActiveCfg = Release|Win32
		{03B6E03C-9E33-4365-84AB-28529A31D5B6}.Win8 Release|Win32.Build.0 = Release|Win32
		{03B6E03C-9E33-4365-84AB-28529A31D5B6}.Win8 Release|x64.ActiveCfg = Release|x64
		{03B6E03C-9E33-4365-84AB-28529A31D5B6}.Win8 Release|x64.Build.0 = Release|x64
		{03B6E03C-9E33-4365-84AB-28529A31D5B6}.Win8.1 Debug|ARM.ActiveCfg = Debug|ARM
		{03B6E03C-9E33-4365-84AB-28529A31D5B6}.Win8.1 Debug|ARM.Build.0 = Debug|ARM
		{03B6E03C-9E33-4365-84AB-28529A31D5B6}.Win8.1 Debug|ARM64.ActiveCfg = Debug|ARM64
		{03B6E03C-9E33-4365-84AB-28529A31D5B6}.Win8.1 Debug|ARM64.Build.0 = Debug|ARM64
		{03B6E03C-9E33-4365-84AB-28529A31D5B6}.Win8.1 Debug|Win32.ActiveCfg = Debug|Win32
		{03B6E03C-9E33-4365-84AB-28529A31D5B6}.Win8.1 Debug|Win32.Build.0 = Debug|Win32
		{03B6E03C-9E33-4365-84AB-28529A31D5B6}.Win8.1 Debug|x64.ActiveCfg = Debug|x64
		{03B6E03C-9E33-4365-84AB-28529A31D5B6}.Win8.1 Debug|x64.Build.0 = Debug|x64
		{03B6E03C-9E33-4365-84AB-28529A31D5B6}.Win8.1 Release|ARM.ActiveCfg = Release|ARM
		{03B6E03C-9E33-4365-84AB-28529A31D5B6}.Win8.1 Release|ARM.Build.0 = Release|ARM
		{03B6E03C-9E33-4365-84AB-28529A31D5B6}.Win8.1 Release|ARM64.ActiveCfg = Release|ARM64
		{03B6E03C-9E33-4365-84AB-28529A31D5B6}.Win8.1 Release|ARM64.Build.0 = Release|ARM64
		{03B6E03C-9E33-4365-84AB-28529A31D5B6}.Win8.1 Release|Win32.ActiveCfg = Release|Win32
		{03B6E03C-9E33-4365-84AB-28529A31D5B6}.Win8.1 Release|Win32.Build.0 = Release|Win32
		{03B6E03C-9E33-4365-84AB-28529A31D5B6}.Win8.1 Release|x64.ActiveCfg = Release|x64
		{03B6E03C-9E33-4365-84AB-28529A31D5B6}.Win8.1 Release|x64.Build.0 = Release|x64
		{457B6C05-3FED-4056-A4B3-B1B110242F14}.Debug|ARM.ActiveCfg = Debug|ARM
		{457B6C05-3FED-4056-A4B3-B1B110242F14}.Debug|ARM.Build.0 = Debug|ARM
		{457B6C05-3FED-4056-A4B3-B1B110242F14}.Debug|ARM.Deploy.0 = Debug|ARM
		{457B6C05-3FED-4056-A4B3-B1B110242F14}.Debug|ARM64.ActiveCfg = Debug|ARM64
		{457B6C05-3FED-4056-A4B3-B1B110242F14}.Debug|ARM64.Build.0 = Debug|ARM64
		{457B6C05-3FED-4056-A4B3-B1B110242F14}.Debug|ARM64.Deploy.0 = Debug|ARM64
		{457B6C05-3FED-4056-A4B3-B1B110242F14}.Debug|Win32.ActiveCfg = Debug|Win32
		{457B6C05-3FED-4056-A4B3-B1B110242F14}.Debug|Win32.Build.0 = Debug|Win32
		{457B6C05-3FED-4056-A4B3-B1B110242F14}.Debug|x64.ActiveCfg = Debug|x64
		{457B6C05-3FED-4056-A4B3-B1B110242F14}.Debug|x64.Build.0 = Debug|x64
		{457B6C05-3FED-4056-A4B3-B1B110242F14}.Release|ARM.ActiveCfg = Release|ARM
		{457B6C05-3FED-4056-A4B3-B1B110242F14}.Release|ARM.Build.0 = Release|ARM
		{457B6C05-3FED-4056-A4B3-B1B110242F14}.Release|ARM.Deploy.0 = Release|ARM
		{457B6C05-3FED-4056-A4B3-B1B110242F14}.Release|ARM64.ActiveCfg = Release|ARM64
		{457B6C05-3FED-4056-A4B3-B1B110242F14}.Release|ARM64.Build.0 = Release|ARM64
		{457B6C05-3FED-4056-A4B3-B1B110242F14}.Release|ARM64.Deploy.0 = Release|ARM64
		{457B6C05-3FED-4056-A4B3-B1B110242F14}.Release|Win32.ActiveCfg = Release|Win32
		{457B6C05-3FED-4056-A4B3-B1B110242F14}.Release|Win32.Build.0 = Release|Win32
		{457B6C05-3FED-4056-A4B3-B1B110242F14}.Release|x64.ActiveCfg = Release|x64
		{457B6C05-3FED-4056-A4B3-B1B110242F14}.Release|x64.Build.0 = Release|x64
		{457B6C05-3FED-4056-A4B3-B1B110242F14}.Win7 Debug|ARM.ActiveCfg = Debug|ARM
		{457B6C05-3FED-4056-A4B3-B1B110242F14}.Win7 Debug|ARM.Build.0 = Debug|ARM
		{457B6C05-3FED-4056-A4B3-B1B110242F14}.Win7 Debug|ARM.Deploy.0 = Debug|ARM
		{457B6C05-3FED-4056-A4B3-B1B110242F14}.Win7 Debug|ARM64.ActiveCfg = Debug|ARM64
		{457B6C05-3FED-4056-A4B3-B1B110242F14}.Win7 Debug|ARM64.Build.0 = Debug|ARM64
		{457B6C05-3FED-4056-A4B3-B1B110242F14}.Win7 Debug|ARM64.Deploy.0 = Debug|ARM64
		{457B6C05-3FED-4056-A4B3-B1B110242F14}.Win7 Debug|Win32.ActiveCfg = Debug|Win32
		{457B6C05-3FED-4056-A4B3-B1B110242F14}.Win7 Debug|Win32.Build.0 = Debug|Win32
		{457B6C05-3FED-4056-A4B3-B1B110242F14}.Win7 Debug|x64.ActiveCfg = Debug|x64
		{457B6C05-3FED-4056-A4B3-B1B110242F14}.Win7 Debug|x64.Build.0 = Debug|x64
		{457B6C05-3FED-4056-A4B3-B1B110242F14}.Win7 Release|ARM.ActiveCfg = Release|ARM
		{457B6C05-3FED-4056-A4B3-B1B110242F14}.Win7 Release|ARM.Build.0 = Release|ARM
		{457B6C05-3FED-4056-A4B3-B1B110242F14}.Win7 Release|ARM.Deploy.0 = Release|ARM
		{457B6C05-3FED-4056-A4B3-B1B110242F14}.Win7 Release|ARM64.ActiveCfg = Release|ARM64
		{457B6C05-3FED-4056-A4B3-B1B110242F14}.Win7 Release|ARM64.Build.0 = Release|ARM64
		{457B6C05-3FED-4056-A4B3-B1B110242F14}.Win7 Release|ARM64.Deploy.0 = Release|ARM64
		{457B6C05-3FED-4056-A4B3-B1B110242F14}.Win7 Release|Win32.ActiveCfg = Release|Win32
		{457B6C05-3FED-4056-A4B3-B1B110242F14}.Win7 Release|Win32.Build.0 = Release|Win32
		{457B6C05-3FED-4056-A4B3-B1B110242F14}.Win7 Release|x64.ActiveCfg = Release|x64
		{457B6C05-3FED-4056-A4B3-B1B110242F14}.Win7 Release|x64.Build.0 = Release|x64
		{457B6C05-3FED-4056-A4B3-B1B110242F14}.Win8 Debug|ARM.ActiveCfg = Debug|ARM
		{457B6C05-3FED-4056-A4B3-B1B110242F14}.Win8 Debug|ARM.Build.0 = Debug|ARM
		{457B6C05-3FED-4056-A4B3-B1B110242F14}.Win8 Debug|ARM.Deploy.0 = Debug|ARM
		{457B6C05-3FED-4056-A4B3-B1B110242F14}.Win8 Debug|ARM64.ActiveCfg = Debug|ARM64
		{457B6C05-3FED-4056-A4B3-B1B110242F14}.Win8 Debug|ARM64.Build.0 = Debug|ARM64
		{457B6C05-3FED-4056-A4B3-B1B110242F14}.Win8 Debug|ARM64.Deploy.0 = Debug|ARM64
		{457B6C05-3FED-4056-A4B3-B1B110242F14}.Win8 Debug|Win32.ActiveCfg = Debug|Win32
		{457B6C05-3FED-4056-A4B3-B1B110242F14}.Win8 Debug|Win32.Build.0 = Debug|Win32
		{457B6C05-3FED-4056-A4B3-B1B110242F14}.Win8 Debug|x64.ActiveCfg = Debug|x64
		{457B6C05-3FED-4056-A4B3-B1B110242F14}.Win8 Debug|x64.Build.0 = Debug|x64
		{457B6C05-3FED-4056-A4B3-B1B110242F14}.Win8 Release|ARM.ActiveCfg = Release|ARM
		{457B6C05-3FED-4056-A4B3-B1B110242F14}.Win8 Release|ARM.Build.0 = Release|ARM
		{457B6C05-3FED-4056-A4B3-B1B110242F14}.Win8 Release|ARM.Deploy.0 = Release|ARM
		{457B6C05-3FED-4056-A4B3-B1B110242F14}.Win8 Release|ARM64.ActiveCfg = Release|ARM64
		{457B6C05-3FED-4056-A4B3-B1B110242F14}.Win8 Release|ARM64.Build.0 = Release|ARM64
		{457B6C05-3FED-4056-A4B3-B1B110242F14}.Win8 Release|ARM64.Deploy.0 = Release|ARM64
		{457B6C05-3FED-4056-A4B3-B1B110242F14}.Win8 Release|Win32.ActiveCfg = Release|Win32
		{457B6C05-3FED-4056-A4B3-B1B110242F14}.Win8 Release|Win32.Build.0 = Release|Win32
		{457B6C05-3FED-4056-A4B3-B1B110242F14}.Win8 Release|x64.ActiveCfg = Release|x64
		{457B6C05-3FED-4056-A4B3-B1B110242F14}.Win8 Release|x64.Build.0 = Release|x64
		{457B6C05-3FED-4056-A4B3-B1B110242F14}.Win8.1 Debug|ARM.ActiveCfg = Debug|ARM
		{457B6C05-3FED-4056-A4B3-B1B110242F14}.Win8.1 Debug|ARM.Build.0 = Debug|ARM
		{457B6C05-3FED-4056-A4B3-B1B110242F14}.Win8.1 Debug|ARM.Deploy.0 = Debug|ARM
		{457B6C05-3FED-4056-A4B3-B1B110242F14}.Win8.1 Debug|ARM64.ActiveCfg = Debug|ARM64
		{457B6C05-3FED-4056-A4B3-B1B110242F14}.Win8.1 Debug|ARM64.Build.0 = Debug|ARM64
		{457B6C05-3FED-4056-A4B3-B1B110242F14}.Win8.1 Debug|ARM64.Deploy.0 = Debug|ARM64
		{457B6C05-3FED-4056-A4B3-B1B110242F14}.Win8.1 Debug|Win32.ActiveCfg = Debug|Win32
		{457B6C05-3FED-4056-A4B3-B1B110242F14}.Win8.1 Debug|Win32.Build.0 = Debug|Win32
		{457B6C05-3FED-4056-A4B3-B1B110242F14}.Win8.1 Debug|x64.ActiveCfg = Debug|x64
		{457B6C05-3FED-4056-A4B3-B1B110242F14}.Win8.1 Debug|x64.Build.0 = Debug|x64
		{457B6C05-3FED-4056-A4B3-B1B110242F14}.Win8.1 Release|ARM.ActiveCfg = Release|ARM
		{457B6C05-3FED-4056-A4B3-B1B110242F14}.Win8.1 Release|ARM.Build.0 = Release|ARM
		{457B6C05-3FED-4056-A4B3-B1B110242F14}.Win8.1 Release|ARM.Deploy.0 = Release|ARM
		{457B6C05-3FED-4056-A4B3-B1B110242F14}.Win8.1 Release|ARM64.ActiveCfg = Release|ARM64
		{457B6C05-3FED-4056-A4B3-B1B110242F14}.Win8.1 Release|ARM64.Build.0 = Release|ARM64
		{457B6C05-3FED-4056-A4B3-B1B110242F14}.Win8.1 Release|ARM64.Deploy.0 = Release|ARM64
		{457B6C05-3FED-4056-A4B3-B1B110242F14}.Win8.1 Release|Win32.ActiveCfg = Release|Win32
		{457B6C05-3FED-4056-A4B3-B1B110242F14}.Win8.1 Release|Win32.Build.0 = Release|Win32
		{457B6C05-3FED-4056-A4B3-B1B110242F14}.Win8.1 Release|x64.ActiveCfg = Release|x64
		{457B6C05-3FED-4056-A4B3-B1B110242F14}.Win8.1 Release|x64.Build.0 = Release|x64
	EndGlobalSection
	GlobalSection(SolutionProperties) = preSolution
		HideSolutionNode = FALSE
	EndGlobalSection
	GlobalSection(ExtensibilityGlobals) = postSolution
		SolutionGuid = {9ECF09F6-C3B7-425C-B241-13AC4B0F08CF}
	EndGlobalSection
EndGlobal
