
Microsoft Visual Studio Solution File, Format Version 12.00
# Visual Studio Version 17
VisualStudioVersion = 17.0.32014.148
MinimumVisualStudioVersion = 10.0.40219.1
Project("{778DAE3C-4631-46EA-AA77-85C1314464D9}") = "ArsenalImageMounterMountTool", "ArsenalImageMounterMountTool\ArsenalImageMounterMountTool.vbproj", "{778126B8-F616-456A-B38D-6B80D3D96CAA}"
EndProject
Project("{9A19103F-16F7-4668-BE54-9A1E7A4F7556}") = "ArsenalImageMounterService", "ArsenalImageMounterService\ArsenalImageMounterService.csproj", "{BC4A4A2F-85F6-08C3-287F-8F1847182F36}"
EndProject
Project("{9A19103F-16F7-4668-BE54-9A1E7A4F7556}") = "ArsenalImageMounterAnalyze", "ArsenalImageMounterAnalyze\ArsenalImageMounterAnalyze.csproj", "{B22945F5-0B71-09F4-0FB0-7FD41C346E2C}"
EndProject
Project("{9A19103F-16F7-4668-BE54-9A1E7A4F7556}") = "ArsenalImageMounterCLISetup", "ArsenalImageMounterCLISetup\ArsenalImageMounterCLISetup.csproj", "{1A8DE000-321C-03F4-3F1C-35BD4FA760F2}"
EndProject
Project("{778DAE3C-4631-46EA-AA77-85C1314464D9}") = "ArsenalImageMounterGUISetup", "ArsenalImageMounterGUISetup\ArsenalImageMounterGUISetup.vbproj", "{F7BA4C7F-EA85-428B-8BE1-A1EF81F89494}"
EndProject
Project("{2150E333-8FDC-42A3-9474-1A3956D46DE8}") = "Solution Items", "Solution Items", "{CCDE959C-C0CA-4F98-B379-64931C7C91D0}"
	ProjectSection(SolutionItems) = preProject
		..\.editorconfig = ..\.editorconfig
		Directory.build.props = Directory.build.props
		..\Directory_structure.txt = ..\Directory_structure.txt
		..\How-to-build.txt = ..\How-to-build.txt
		..\LICENSE.md = ..\LICENSE.md
		..\News.txt = ..\News.txt
		..\README.md = ..\README.md
		..\Third-party-dependencies.txt = ..\Third-party-dependencies.txt
	EndProjectSection
EndProject
Project("{7CF6DF6D-3B04-46F8-A40B-537D21BCA0B4}") = "ArsenalImageMounterHelpBuilder", "ArsenalImageMounterHelpBuilder.shfbproj", "{FF9B3F4A-C5D0-4215-9D57-120A2E5974CA}"
EndProject
Project("{2150E333-8FDC-42A3-9474-1A3956D46DE8}") = "Third-Party-Licenses", "Third-Party-Licenses", "{4040A625-9F19-4E99-9293-A2E151852630}"
	ProjectSection(SolutionItems) = preProject
		..\Third-Party-Licenses\bzip2.txt = ..\Third-Party-Licenses\bzip2.txt
		..\Third-Party-Licenses\DiscUtils.txt = ..\Third-Party-Licenses\DiscUtils.txt
		..\Third-Party-Licenses\dokan.txt = ..\Third-Party-Licenses\dokan.txt
		..\Third-Party-Licenses\DotNetZip.txt = ..\Third-Party-Licenses\DotNetZip.txt
		..\Third-Party-Licenses\gpl-3.0.txt = ..\Third-Party-Licenses\gpl-3.0.txt
		..\Third-Party-Licenses\lgpl-3.0.txt = ..\Third-Party-Licenses\lgpl-3.0.txt
		..\Third-Party-Licenses\libaff4.txt = ..\Third-Party-Licenses\libaff4.txt
		..\Third-Party-Licenses\libewf.txt = ..\Third-Party-Licenses\libewf.txt
		..\Third-Party-Licenses\libqcow.txt = ..\Third-Party-Licenses\libqcow.txt
		..\Third-Party-Licenses\zlib.txt = ..\Third-Party-Licenses\zlib.txt
	EndProjectSection
EndProject
Project("{9A19103F-16F7-4668-BE54-9A1E7A4F7556}") = "Arsenal.ImageMounter", "Arsenal.ImageMounter\Arsenal.ImageMounter.csproj", "{31602FCA-0C9A-4822-9898-2D5451DC2A21}"
EndProject
Project("{9A19103F-16F7-4668-BE54-9A1E7A4F7556}") = "Arsenal.ImageMounter.Forms", "Arsenal.ImageMounter.Forms\Arsenal.ImageMounter.Forms.csproj", "{C855FC87-A42B-48DE-B96C-4CE1A2F75801}"
EndProject
Global
	GlobalSection(SolutionConfigurationPlatforms) = preSolution
		Debug|Any CPU = Debug|Any CPU
		Debug|x64 = Debug|x64
		Debug|x86 = Debug|x86
		Release|Any CPU = Release|Any CPU
		Release|x64 = Release|x64
		Release|x86 = Release|x86
	EndGlobalSection
	GlobalSection(ProjectConfigurationPlatforms) = postSolution
		{778126B8-F616-456A-B38D-6B80D3D96CAA}.Debug|Any CPU.ActiveCfg = Debug|Any CPU
		{778126B8-F616-456A-B38D-6B80D3D96CAA}.Debug|Any CPU.Build.0 = Debug|Any CPU
		{778126B8-F616-456A-B38D-6B80D3D96CAA}.Debug|x64.ActiveCfg = Debug|Any CPU
		{778126B8-F616-456A-B38D-6B80D3D96CAA}.Debug|x64.Build.0 = Debug|Any CPU
		{778126B8-F616-456A-B38D-6B80D3D96CAA}.Debug|x86.ActiveCfg = Debug|x86
		{778126B8-F616-456A-B38D-6B80D3D96CAA}.Debug|x86.Build.0 = Debug|x86
		{778126B8-F616-456A-B38D-6B80D3D96CAA}.Release|Any CPU.ActiveCfg = Release|Any CPU
		{778126B8-F616-456A-B38D-6B80D3D96CAA}.Release|Any CPU.Build.0 = Release|Any CPU
		{778126B8-F616-456A-B38D-6B80D3D96CAA}.Release|x64.ActiveCfg = Release|Any CPU
		{778126B8-F616-456A-B38D-6B80D3D96CAA}.Release|x64.Build.0 = Release|Any CPU
		{778126B8-F616-456A-B38D-6B80D3D96CAA}.Release|x86.ActiveCfg = Release|x86
		{778126B8-F616-456A-B38D-6B80D3D96CAA}.Release|x86.Build.0 = Release|x86
		{BC4A4A2F-85F6-08C3-287F-8F1847182F36}.Debug|Any CPU.ActiveCfg = Debug|Any CPU
		{BC4A4A2F-85F6-08C3-287F-8F1847182F36}.Debug|Any CPU.Build.0 = Debug|Any CPU
		{BC4A4A2F-85F6-08C3-287F-8F1847182F36}.Debug|x64.ActiveCfg = Debug|Any CPU
		{BC4A4A2F-85F6-08C3-287F-8F1847182F36}.Debug|x64.Build.0 = Debug|Any CPU
		{BC4A4A2F-85F6-08C3-287F-8F1847182F36}.Debug|x86.ActiveCfg = Debug|x86
		{BC4A4A2F-85F6-08C3-287F-8F1847182F36}.Debug|x86.Build.0 = Debug|x86
		{BC4A4A2F-85F6-08C3-287F-8F1847182F36}.Release|Any CPU.ActiveCfg = Release|Any CPU
		{BC4A4A2F-85F6-08C3-287F-8F1847182F36}.Release|Any CPU.Build.0 = Release|Any CPU
		{BC4A4A2F-85F6-08C3-287F-8F1847182F36}.Release|x64.ActiveCfg = Release|Any CPU
		{BC4A4A2F-85F6-08C3-287F-8F1847182F36}.Release|x64.Build.0 = Release|Any CPU
		{BC4A4A2F-85F6-08C3-287F-8F1847182F36}.Release|x86.ActiveCfg = Release|x86
		{BC4A4A2F-85F6-08C3-287F-8F1847182F36}.Release|x86.Build.0 = Release|x86
		{B22945F5-0B71-09F4-0FB0-7FD41C346E2C}.Debug|Any CPU.ActiveCfg = Debug|Any CPU
		{B22945F5-0B71-09F4-0FB0-7FD41C346E2C}.Debug|Any CPU.Build.0 = Debug|Any CPU
		{B22945F5-0B71-09F4-0FB0-7FD41C346E2C}.Debug|x64.ActiveCfg = Debug|Any CPU
		{B22945F5-0B71-09F4-0FB0-7FD41C346E2C}.Debug|x64.Build.0 = Debug|Any CPU
		{B22945F5-0B71-09F4-0FB0-7FD41C346E2C}.Debug|x86.ActiveCfg = Debug|x86
		{B22945F5-0B71-09F4-0FB0-7FD41C346E2C}.Debug|x86.Build.0 = Debug|x86
		{B22945F5-0B71-09F4-0FB0-7FD41C346E2C}.Release|Any CPU.ActiveCfg = Release|Any CPU
		{B22945F5-0B71-09F4-0FB0-7FD41C346E2C}.Release|Any CPU.Build.0 = Release|Any CPU
		{B22945F5-0B71-09F4-0FB0-7FD41C346E2C}.Release|x64.ActiveCfg = Release|Any CPU
		{B22945F5-0B71-09F4-0FB0-7FD41C346E2C}.Release|x64.Build.0 = Release|Any CPU
		{B22945F5-0B71-09F4-0FB0-7FD41C346E2C}.Release|x86.ActiveCfg = Release|x86
		{B22945F5-0B71-09F4-0FB0-7FD41C346E2C}.Release|x86.Build.0 = Release|x86
		{1A8DE000-321C-03F4-3F1C-35BD4FA760F2}.Debug|Any CPU.ActiveCfg = Debug|Any CPU
		{1A8DE000-321C-03F4-3F1C-35BD4FA760F2}.Debug|Any CPU.Build.0 = Debug|Any CPU
		{1A8DE000-321C-03F4-3F1C-35BD4FA760F2}.Debug|x64.ActiveCfg = Debug|Any CPU
		{1A8DE000-321C-03F4-3F1C-35BD4FA760F2}.Debug|x64.Build.0 = Debug|Any CPU
		{1A8DE000-321C-03F4-3F1C-35BD4FA760F2}.Debug|x86.ActiveCfg = Debug|x86
		{1A8DE000-321C-03F4-3F1C-35BD4FA760F2}.Debug|x86.Build.0 = Debug|x86
		{1A8DE000-321C-03F4-3F1C-35BD4FA760F2}.Release|Any CPU.ActiveCfg = Release|Any CPU
		{1A8DE000-321C-03F4-3F1C-35BD4FA760F2}.Release|Any CPU.Build.0 = Release|Any CPU
		{1A8DE000-321C-03F4-3F1C-35BD4FA760F2}.Release|x64.ActiveCfg = Release|Any CPU
		{1A8DE000-321C-03F4-3F1C-35BD4FA760F2}.Release|x64.Build.0 = Release|Any CPU
		{1A8DE000-321C-03F4-3F1C-35BD4FA760F2}.Release|x86.ActiveCfg = Release|x86
		{1A8DE000-321C-03F4-3F1C-35BD4FA760F2}.Release|x86.Build.0 = Release|x86
		{F7BA4C7F-EA85-428B-8BE1-A1EF81F89494}.Debug|Any CPU.ActiveCfg = Debug|Any CPU
		{F7BA4C7F-EA85-428B-8BE1-A1EF81F89494}.Debug|Any CPU.Build.0 = Debug|Any CPU
		{F7BA4C7F-EA85-428B-8BE1-A1EF81F89494}.Debug|x64.ActiveCfg = Debug|Any CPU
		{F7BA4C7F-EA85-428B-8BE1-A1EF81F89494}.Debug|x64.Build.0 = Debug|Any CPU
		{F7BA4C7F-EA85-428B-8BE1-A1EF81F89494}.Debug|x86.ActiveCfg = Debug|x86
		{F7BA4C7F-EA85-428B-8BE1-A1EF81F89494}.Debug|x86.Build.0 = Debug|x86
		{F7BA4C7F-EA85-428B-8BE1-A1EF81F89494}.Release|Any CPU.ActiveCfg = Release|Any CPU
		{F7BA4C7F-EA85-428B-8BE1-A1EF81F89494}.Release|Any CPU.Build.0 = Release|Any CPU
		{F7BA4C7F-EA85-428B-8BE1-A1EF81F89494}.Release|x64.ActiveCfg = Release|Any CPU
		{F7BA4C7F-EA85-428B-8BE1-A1EF81F89494}.Release|x64.Build.0 = Release|Any CPU
		{F7BA4C7F-EA85-428B-8BE1-A1EF81F89494}.Release|x86.ActiveCfg = Release|x86
		{F7BA4C7F-EA85-428B-8BE1-A1EF81F89494}.Release|x86.Build.0 = Release|x86
		{FF9B3F4A-C5D0-4215-9D57-120A2E5974CA}.Debug|Any CPU.ActiveCfg = Debug|Any CPU
		{FF9B3F4A-C5D0-4215-9D57-120A2E5974CA}.Debug|x64.ActiveCfg = Debug|Any CPU
		{FF9B3F4A-C5D0-4215-9D57-120A2E5974CA}.Debug|x86.ActiveCfg = Debug|Any CPU
		{FF9B3F4A-C5D0-4215-9D57-120A2E5974CA}.Release|Any CPU.ActiveCfg = Release|Any CPU
		{FF9B3F4A-C5D0-4215-9D57-120A2E5974CA}.Release|x64.ActiveCfg = Release|Any CPU
		{FF9B3F4A-C5D0-4215-9D57-120A2E5974CA}.Release|x86.ActiveCfg = Release|Any CPU
		{31602FCA-0C9A-4822-9898-2D5451DC2A21}.Debug|Any CPU.ActiveCfg = Debug|Any CPU
		{31602FCA-0C9A-4822-9898-2D5451DC2A21}.Debug|Any CPU.Build.0 = Debug|Any CPU
		{31602FCA-0C9A-4822-9898-2D5451DC2A21}.Debug|x64.ActiveCfg = Debug|Any CPU
		{31602FCA-0C9A-4822-9898-2D5451DC2A21}.Debug|x64.Build.0 = Debug|Any CPU
		{31602FCA-0C9A-4822-9898-2D5451DC2A21}.Debug|x86.ActiveCfg = Debug|Any CPU
		{31602FCA-0C9A-4822-9898-2D5451DC2A21}.Debug|x86.Build.0 = Debug|Any CPU
		{31602FCA-0C9A-4822-9898-2D5451DC2A21}.Release|Any CPU.ActiveCfg = Release|Any CPU
		{31602FCA-0C9A-4822-9898-2D5451DC2A21}.Release|Any CPU.Build.0 = Release|Any CPU
		{31602FCA-0C9A-4822-9898-2D5451DC2A21}.Release|x64.ActiveCfg = Release|Any CPU
		{31602FCA-0C9A-4822-9898-2D5451DC2A21}.Release|x64.Build.0 = Release|Any CPU
		{31602FCA-0C9A-4822-9898-2D5451DC2A21}.Release|x86.ActiveCfg = Release|Any CPU
		{31602FCA-0C9A-4822-9898-2D5451DC2A21}.Release|x86.Build.0 = Release|Any CPU
		{C855FC87-A42B-48DE-B96C-4CE1A2F75801}.Debug|Any CPU.ActiveCfg = Debug|Any CPU
		{C855FC87-A42B-48DE-B96C-4CE1A2F75801}.Debug|Any CPU.Build.0 = Debug|Any CPU
		{C855FC87-A42B-48DE-B96C-4CE1A2F75801}.Debug|x64.ActiveCfg = Debug|Any CPU
		{C855FC87-A42B-48DE-B96C-4CE1A2F75801}.Debug|x64.Build.0 = Debug|Any CPU
		{C855FC87-A42B-48DE-B96C-4CE1A2F75801}.Debug|x86.ActiveCfg = Debug|Any CPU
		{C855FC87-A42B-48DE-B96C-4CE1A2F75801}.Debug|x86.Build.0 = Debug|Any CPU
		{C855FC87-A42B-48DE-B96C-4CE1A2F75801}.Release|Any CPU.ActiveCfg = Release|Any CPU
		{C855FC87-A42B-48DE-B96C-4CE1A2F75801}.Release|Any CPU.Build.0 = Release|Any CPU
		{C855FC87-A42B-48DE-B96C-4CE1A2F75801}.Release|x64.ActiveCfg = Release|Any CPU
		{C855FC87-A42B-48DE-B96C-4CE1A2F75801}.Release|x64.Build.0 = Release|Any CPU
		{C855FC87-A42B-48DE-B96C-4CE1A2F75801}.Release|x86.ActiveCfg = Release|Any CPU
		{C855FC87-A42B-48DE-B96C-4CE1A2F75801}.Release|x86.Build.0 = Release|Any CPU
	EndGlobalSection
	GlobalSection(SolutionProperties) = preSolution
		HideSolutionNode = FALSE
	EndGlobalSection
	GlobalSection(NestedProjects) = preSolution
		{4040A625-9F19-4E99-9293-A2E151852630} = {CCDE959C-C0CA-4F98-B379-64931C7C91D0}
	EndGlobalSection
	GlobalSection(ExtensibilityGlobals) = postSolution
		SolutionGuid = {63D0EDE0-8625-4ED8-8DAA-BCABDF7695E1}
	EndGlobalSection
EndGlobal
