
Microsoft Visual Studio Solution File, Format Version 12.00
# Visual Studio Version 16
VisualStudioVersion = 16.0.29926.136
MinimumVisualStudioVersion = 10.0.40219.1
Project("{778DAE3C-4631-46EA-AA77-85C1314464D9}") = "Arsenal.ImageMounter.Devio", "Arsenal.ImageMounter.Devio\Arsenal.ImageMounter.Devio.vbproj", "{C8131F7E-E240-4A1B-8D3D-FC4E5DBED050}"
EndProject
Project("{778DAE3C-4631-46EA-AA77-85C1314464D9}") = "ArsenalImageMounterControl", "ArsenalImageMounterControl\ArsenalImageMounterControl.vbproj", "{1C5D3D2F-8DD4-47F9-99E6-E7746F4A3404}"
EndProject
Project("{778DAE3C-4631-46EA-AA77-85C1314464D9}") = "ArsenalImageMounterMountTool", "ArsenalImageMounterMountTool\ArsenalImageMounterMountTool.vbproj", "{778126B8-F616-456A-B38D-6B80D3D96CAA}"
EndProject
Project("{778DAE3C-4631-46EA-AA77-85C1314464D9}") = "ArsenalImageMounterService", "ArsenalImageMounterService\ArsenalImageMounterService.vbproj", "{0E6ECB44-49AE-4732-AA27-4566258F1B96}"
EndProject
Project("{778DAE3C-4631-46EA-AA77-85C1314464D9}") = "Arsenal.ImageMounter", "Arsenal.ImageMounter\Arsenal.ImageMounter.vbproj", "{3EFCB6F8-EF7E-4F60-A0DE-BB197240FCC9}"
EndProject
Project("{778DAE3C-4631-46EA-AA77-85C1314464D9}") = "ArsenalImageMounterAnalyze", "ArsenalImageMounterAnalyze\ArsenalImageMounterAnalyze.vbproj", "{000DC49E-C729-4605-8DE8-B5AA7EA35A8C}"
EndProject
Project("{778DAE3C-4631-46EA-AA77-85C1314464D9}") = "ArsenalImageMounterCLISetup", "ArsenalImageMounterCLISetup\ArsenalImageMounterCLISetup.vbproj", "{A8A9616B-FE44-4C05-BD44-FFC32D305452}"
EndProject
Project("{778DAE3C-4631-46EA-AA77-85C1314464D9}") = "ArsenalImageMounterGUISetup", "ArsenalImageMounterGUISetup\ArsenalImageMounterGUISetup.vbproj", "{F7BA4C7F-EA85-428B-8BE1-A1EF81F89494}"
EndProject
Project("{2150E333-8FDC-42A3-9474-1A3956D46DE8}") = "Solution Items", "Solution Items", "{CCDE959C-C0CA-4F98-B379-64931C7C91D0}"
	ProjectSection(SolutionItems) = preProject
		.editorconfig = .editorconfig
		Directory.build.props = Directory.build.props
		..\Directory_structure.txt = ..\Directory_structure.txt
		..\How-to-build.txt = ..\How-to-build.txt
		..\LICENSE.md = ..\LICENSE.md
		..\News.txt = ..\News.txt
		..\Public-API-reference.txt = ..\Public-API-reference.txt
		..\README.md = ..\README.md
		..\Third-party-dependencies.txt = ..\Third-party-dependencies.txt
	EndProjectSection
EndProject
Project("{7CF6DF6D-3B04-46F8-A40B-537D21BCA0B4}") = "ArsenalImageMounterHelpBuilder", "ArsenalImageMounterHelpBuilder.shfbproj", "{FF9B3F4A-C5D0-4215-9D57-120A2E5974CA}"
	ProjectSection(ProjectDependencies) = postProject
		{C8131F7E-E240-4A1B-8D3D-FC4E5DBED050} = {C8131F7E-E240-4A1B-8D3D-FC4E5DBED050}
		{26596AEF-9F3A-4744-9A3D-5708ED535F06} = {26596AEF-9F3A-4744-9A3D-5708ED535F06}
		{3EFCB6F8-EF7E-4F60-A0DE-BB197240FCC9} = {3EFCB6F8-EF7E-4F60-A0DE-BB197240FCC9}
	EndProjectSection
EndProject
Project("{9A19103F-16F7-4668-BE54-9A1E7A4F7556}") = "Arsenal.ImageMounter.Interop", "Arsenal.ImageMounter.Interop\Arsenal.ImageMounter.Interop.csproj", "{26596AEF-9F3A-4744-9A3D-5708ED535F06}"
EndProject
Global
	GlobalSection(SolutionConfigurationPlatforms) = preSolution
		Debug|Any CPU = Debug|Any CPU
		Debug|x64 = Debug|x64
		Debug|x86 = Debug|x86
		Release|Any CPU = Release|Any CPU
		Release|x64 = Release|x64
		Release|x86 = Release|x86
	EndGlobalSection
	GlobalSection(ProjectConfigurationPlatforms) = postSolution
		{C8131F7E-E240-4A1B-8D3D-FC4E5DBED050}.Debug|Any CPU.ActiveCfg = Debug|Any CPU
		{C8131F7E-E240-4A1B-8D3D-FC4E5DBED050}.Debug|Any CPU.Build.0 = Debug|Any CPU
		{C8131F7E-E240-4A1B-8D3D-FC4E5DBED050}.Debug|x64.ActiveCfg = Debug|Any CPU
		{C8131F7E-E240-4A1B-8D3D-FC4E5DBED050}.Debug|x64.Build.0 = Debug|Any CPU
		{C8131F7E-E240-4A1B-8D3D-FC4E5DBED050}.Debug|x86.ActiveCfg = Debug|x86
		{C8131F7E-E240-4A1B-8D3D-FC4E5DBED050}.Debug|x86.Build.0 = Debug|x86
		{C8131F7E-E240-4A1B-8D3D-FC4E5DBED050}.Release|Any CPU.ActiveCfg = Release|Any CPU
		{C8131F7E-E240-4A1B-8D3D-FC4E5DBED050}.Release|Any CPU.Build.0 = Release|Any CPU
		{C8131F7E-E240-4A1B-8D3D-FC4E5DBED050}.Release|x64.ActiveCfg = Release|Any CPU
		{C8131F7E-E240-4A1B-8D3D-FC4E5DBED050}.Release|x64.Build.0 = Release|Any CPU
		{C8131F7E-E240-4A1B-8D3D-FC4E5DBED050}.Release|x86.ActiveCfg = Release|x86
		{C8131F7E-E240-4A1B-8D3D-FC4E5DBED050}.Release|x86.Build.0 = Release|x86
		{1C5D3D2F-8DD4-47F9-99E6-E7746F4A3404}.Debug|Any CPU.ActiveCfg = Debug|Any CPU
		{1C5D3D2F-8DD4-47F9-99E6-E7746F4A3404}.Debug|Any CPU.Build.0 = Debug|Any CPU
		{1C5D3D2F-8DD4-47F9-99E6-E7746F4A3404}.Debug|x64.ActiveCfg = Debug|Any CPU
		{1C5D3D2F-8DD4-47F9-99E6-E7746F4A3404}.Debug|x64.Build.0 = Debug|Any CPU
		{1C5D3D2F-8DD4-47F9-99E6-E7746F4A3404}.Debug|x86.ActiveCfg = Debug|x86
		{1C5D3D2F-8DD4-47F9-99E6-E7746F4A3404}.Debug|x86.Build.0 = Debug|x86
		{1C5D3D2F-8DD4-47F9-99E6-E7746F4A3404}.Release|Any CPU.ActiveCfg = Release|Any CPU
		{1C5D3D2F-8DD4-47F9-99E6-E7746F4A3404}.Release|Any CPU.Build.0 = Release|Any CPU
		{1C5D3D2F-8DD4-47F9-99E6-E7746F4A3404}.Release|x64.ActiveCfg = Release|Any CPU
		{1C5D3D2F-8DD4-47F9-99E6-E7746F4A3404}.Release|x64.Build.0 = Release|Any CPU
		{1C5D3D2F-8DD4-47F9-99E6-E7746F4A3404}.Release|x86.ActiveCfg = Release|x86
		{1C5D3D2F-8DD4-47F9-99E6-E7746F4A3404}.Release|x86.Build.0 = Release|x86
		{778126B8-F616-456A-B38D-6B80D3D96CAA}.Debug|Any CPU.ActiveCfg = Debug|Any CPU
		{778126B8-F616-456A-B38D-6B80D3D96CAA}.Debug|Any CPU.Build.0 = Debug|Any CPU
		{778126B8-F616-456A-B38D-6B80D3D96CAA}.Debug|x64.ActiveCfg = Debug|Any CPU
		{778126B8-F616-456A-B38D-6B80D3D96CAA}.Debug|x64.Build.0 = Debug|Any CPU
		{778126B8-F616-456A-B38D-6B80D3D96CAA}.Debug|x86.ActiveCfg = Debug|x86
		{778126B8-F616-456A-B38D-6B80D3D96CAA}.Debug|x86.Build.0 = Debug|x86
		{778126B8-F616-456A-B38D-6B80D3D96CAA}.Release|Any CPU.ActiveCfg = Release|Any CPU
		{778126B8-F616-456A-B38D-6B80D3D96CAA}.Release|Any CPU.Build.0 = Release|Any CPU
		{778126B8-F616-456A-B38D-6B80D3D96CAA}.Release|x64.ActiveCfg = Release|Any CPU
		{778126B8-F616-456A-B38D-6B80D3D96CAA}.Release|x64.Build.0 = Release|Any CPU
		{778126B8-F616-456A-B38D-6B80D3D96CAA}.Release|x86.ActiveCfg = Release|x86
		{778126B8-F616-456A-B38D-6B80D3D96CAA}.Release|x86.Build.0 = Release|x86
		{0E6ECB44-49AE-4732-AA27-4566258F1B96}.Debug|Any CPU.ActiveCfg = Debug|Any CPU
		{0E6ECB44-49AE-4732-AA27-4566258F1B96}.Debug|Any CPU.Build.0 = Debug|Any CPU
		{0E6ECB44-49AE-4732-AA27-4566258F1B96}.Debug|x64.ActiveCfg = Debug|Any CPU
		{0E6ECB44-49AE-4732-AA27-4566258F1B96}.Debug|x64.Build.0 = Debug|Any CPU
		{0E6ECB44-49AE-4732-AA27-4566258F1B96}.Debug|x86.ActiveCfg = Debug|x86
		{0E6ECB44-49AE-4732-AA27-4566258F1B96}.Debug|x86.Build.0 = Debug|x86
		{0E6ECB44-49AE-4732-AA27-4566258F1B96}.Release|Any CPU.ActiveCfg = Release|Any CPU
		{0E6ECB44-49AE-4732-AA27-4566258F1B96}.Release|Any CPU.Build.0 = Release|Any CPU
		{0E6ECB44-49AE-4732-AA27-4566258F1B96}.Release|x64.ActiveCfg = Release|Any CPU
		{0E6ECB44-49AE-4732-AA27-4566258F1B96}.Release|x64.Build.0 = Release|Any CPU
		{0E6ECB44-49AE-4732-AA27-4566258F1B96}.Release|x86.ActiveCfg = Release|x86
		{0E6ECB44-49AE-4732-AA27-4566258F1B96}.Release|x86.Build.0 = Release|x86
		{3EFCB6F8-EF7E-4F60-A0DE-BB197240FCC9}.Debug|Any CPU.ActiveCfg = Debug|Any CPU
		{3EFCB6F8-EF7E-4F60-A0DE-BB197240FCC9}.Debug|Any CPU.Build.0 = Debug|Any CPU
		{3EFCB6F8-EF7E-4F60-A0DE-BB197240FCC9}.Debug|x64.ActiveCfg = Debug|Any CPU
		{3EFCB6F8-EF7E-4F60-A0DE-BB197240FCC9}.Debug|x64.Build.0 = Debug|Any CPU
		{3EFCB6F8-EF7E-4F60-A0DE-BB197240FCC9}.Debug|x86.ActiveCfg = Debug|x86
		{3EFCB6F8-EF7E-4F60-A0DE-BB197240FCC9}.Debug|x86.Build.0 = Debug|x86
		{3EFCB6F8-EF7E-4F60-A0DE-BB197240FCC9}.Release|Any CPU.ActiveCfg = Release|Any CPU
		{3EFCB6F8-EF7E-4F60-A0DE-BB197240FCC9}.Release|Any CPU.Build.0 = Release|Any CPU
		{3EFCB6F8-EF7E-4F60-A0DE-BB197240FCC9}.Release|x64.ActiveCfg = Release|Any CPU
		{3EFCB6F8-EF7E-4F60-A0DE-BB197240FCC9}.Release|x64.Build.0 = Release|Any CPU
		{3EFCB6F8-EF7E-4F60-A0DE-BB197240FCC9}.Release|x86.ActiveCfg = Release|x86
		{3EFCB6F8-EF7E-4F60-A0DE-BB197240FCC9}.Release|x86.Build.0 = Release|x86
		{000DC49E-C729-4605-8DE8-B5AA7EA35A8C}.Debug|Any CPU.ActiveCfg = Debug|Any CPU
		{000DC49E-C729-4605-8DE8-B5AA7EA35A8C}.Debug|Any CPU.Build.0 = Debug|Any CPU
		{000DC49E-C729-4605-8DE8-B5AA7EA35A8C}.Debug|x64.ActiveCfg = Debug|Any CPU
		{000DC49E-C729-4605-8DE8-B5AA7EA35A8C}.Debug|x64.Build.0 = Debug|Any CPU
		{000DC49E-C729-4605-8DE8-B5AA7EA35A8C}.Debug|x86.ActiveCfg = Debug|x86
		{000DC49E-C729-4605-8DE8-B5AA7EA35A8C}.Debug|x86.Build.0 = Debug|x86
		{000DC49E-C729-4605-8DE8-B5AA7EA35A8C}.Release|Any CPU.ActiveCfg = Release|Any CPU
		{000DC49E-C729-4605-8DE8-B5AA7EA35A8C}.Release|Any CPU.Build.0 = Release|Any CPU
		{000DC49E-C729-4605-8DE8-B5AA7EA35A8C}.Release|x64.ActiveCfg = Release|Any CPU
		{000DC49E-C729-4605-8DE8-B5AA7EA35A8C}.Release|x64.Build.0 = Release|Any CPU
		{000DC49E-C729-4605-8DE8-B5AA7EA35A8C}.Release|x86.ActiveCfg = Release|x86
		{000DC49E-C729-4605-8DE8-B5AA7EA35A8C}.Release|x86.Build.0 = Release|x86
		{A8A9616B-FE44-4C05-BD44-FFC32D305452}.Debug|Any CPU.ActiveCfg = Debug|Any CPU
		{A8A9616B-FE44-4C05-BD44-FFC32D305452}.Debug|Any CPU.Build.0 = Debug|Any CPU
		{A8A9616B-FE44-4C05-BD44-FFC32D305452}.Debug|x64.ActiveCfg = Debug|Any CPU
		{A8A9616B-FE44-4C05-BD44-FFC32D305452}.Debug|x64.Build.0 = Debug|Any CPU
		{A8A9616B-FE44-4C05-BD44-FFC32D305452}.Debug|x86.ActiveCfg = Debug|x86
		{A8A9616B-FE44-4C05-BD44-FFC32D305452}.Debug|x86.Build.0 = Debug|x86
		{A8A9616B-FE44-4C05-BD44-FFC32D305452}.Release|Any CPU.ActiveCfg = Release|Any CPU
		{A8A9616B-FE44-4C05-BD44-FFC32D305452}.Release|Any CPU.Build.0 = Release|Any CPU
		{A8A9616B-FE44-4C05-BD44-FFC32D305452}.Release|x64.ActiveCfg = Release|Any CPU
		{A8A9616B-FE44-4C05-BD44-FFC32D305452}.Release|x64.Build.0 = Release|Any CPU
		{A8A9616B-FE44-4C05-BD44-FFC32D305452}.Release|x86.ActiveCfg = Release|x86
		{A8A9616B-FE44-4C05-BD44-FFC32D305452}.Release|x86.Build.0 = Release|x86
		{F7BA4C7F-EA85-428B-8BE1-A1EF81F89494}.Debug|Any CPU.ActiveCfg = Debug|Any CPU
		{F7BA4C7F-EA85-428B-8BE1-A1EF81F89494}.Debug|Any CPU.Build.0 = Debug|Any CPU
		{F7BA4C7F-EA85-428B-8BE1-A1EF81F89494}.Debug|x64.ActiveCfg = Debug|Any CPU
		{F7BA4C7F-EA85-428B-8BE1-A1EF81F89494}.Debug|x64.Build.0 = Debug|Any CPU
		{F7BA4C7F-EA85-428B-8BE1-A1EF81F89494}.Debug|x86.ActiveCfg = Debug|x86
		{F7BA4C7F-EA85-428B-8BE1-A1EF81F89494}.Debug|x86.Build.0 = Debug|x86
		{F7BA4C7F-EA85-428B-8BE1-A1EF81F89494}.Release|Any CPU.ActiveCfg = Release|Any CPU
		{F7BA4C7F-EA85-428B-8BE1-A1EF81F89494}.Release|Any CPU.Build.0 = Release|Any CPU
		{F7BA4C7F-EA85-428B-8BE1-A1EF81F89494}.Release|x64.ActiveCfg = Release|Any CPU
		{F7BA4C7F-EA85-428B-8BE1-A1EF81F89494}.Release|x64.Build.0 = Release|Any CPU
		{F7BA4C7F-EA85-428B-8BE1-A1EF81F89494}.Release|x86.ActiveCfg = Release|x86
		{F7BA4C7F-EA85-428B-8BE1-A1EF81F89494}.Release|x86.Build.0 = Release|x86
		{FF9B3F4A-C5D0-4215-9D57-120A2E5974CA}.Debug|Any CPU.ActiveCfg = Debug|Any CPU
		{FF9B3F4A-C5D0-4215-9D57-120A2E5974CA}.Debug|x64.ActiveCfg = Debug|Any CPU
		{FF9B3F4A-C5D0-4215-9D57-120A2E5974CA}.Debug|x86.ActiveCfg = Debug|Any CPU
		{FF9B3F4A-C5D0-4215-9D57-120A2E5974CA}.Release|Any CPU.ActiveCfg = Release|Any CPU
		{FF9B3F4A-C5D0-4215-9D57-120A2E5974CA}.Release|x64.ActiveCfg = Release|Any CPU
		{FF9B3F4A-C5D0-4215-9D57-120A2E5974CA}.Release|x86.ActiveCfg = Release|Any CPU
		{26596AEF-9F3A-4744-9A3D-5708ED535F06}.Debug|Any CPU.ActiveCfg = Debug|Any CPU
		{26596AEF-9F3A-4744-9A3D-5708ED535F06}.Debug|Any CPU.Build.0 = Debug|Any CPU
		{26596AEF-9F3A-4744-9A3D-5708ED535F06}.Debug|x64.ActiveCfg = Debug|Any CPU
		{26596AEF-9F3A-4744-9A3D-5708ED535F06}.Debug|x64.Build.0 = Debug|Any CPU
		{26596AEF-9F3A-4744-9A3D-5708ED535F06}.Debug|x86.ActiveCfg = Debug|Any CPU
		{26596AEF-9F3A-4744-9A3D-5708ED535F06}.Debug|x86.Build.0 = Debug|Any CPU
		{26596AEF-9F3A-4744-9A3D-5708ED535F06}.Release|Any CPU.ActiveCfg = Release|Any CPU
		{26596AEF-9F3A-4744-9A3D-5708ED535F06}.Release|Any CPU.Build.0 = Release|Any CPU
		{26596AEF-9F3A-4744-9A3D-5708ED535F06}.Release|x64.ActiveCfg = Release|Any CPU
		{26596AEF-9F3A-4744-9A3D-5708ED535F06}.Release|x64.Build.0 = Release|Any CPU
		{26596AEF-9F3A-4744-9A3D-5708ED535F06}.Release|x86.ActiveCfg = Release|Any CPU
		{26596AEF-9F3A-4744-9A3D-5708ED535F06}.Release|x86.Build.0 = Release|Any CPU
	EndGlobalSection
	GlobalSection(SolutionProperties) = preSolution
		HideSolutionNode = FALSE
	EndGlobalSection
	GlobalSection(ExtensibilityGlobals) = postSolution
		SolutionGuid = {63D0EDE0-8625-4ED8-8DAA-BCABDF7695E1}
	EndGlobalSection
EndGlobal
